
Microsoft Visual Studio Solution File, Format Version 12.00
# Visual Studio 15
VisualStudioVersion = 15.0.28307.489
MinimumVisualStudioVersion = 10.0.40219.1
Project("{FAE04EC0-301F-11D3-BF4B-00C04F79EFBC}") = "Mediator_Ornek", "Mediator_Ornek\Mediator_Ornek.csproj", "{7F647A4C-8D87-49FC-917B-574A5DF0F770}"
EndProject
Global
	GlobalSection(SolutionConfigurationPlatforms) = preSolution
		Debug|Any CPU = Debug|Any CPU
		Release|Any CPU = Release|Any CPU
	EndGlobalSection
	GlobalSection(ProjectConfigurationPlatforms) = postSolution
		{7F647A4C-8D87-49FC-917B-574A5DF0F770}.Debug|Any CPU.ActiveCfg = Debug|Any CPU
		{7F647A4C-8D87-49FC-917B-574A5DF0F770}.Debug|Any CPU.Build.0 = Debug|Any CPU
		{7F647A4C-8D87-49FC-917B-574A5DF0F770}.Release|Any CPU.ActiveCfg = Release|Any CPU
		{7F647A4C-8D87-49FC-917B-574A5DF0F770}.Release|Any CPU.Build.0 = Release|Any CPU
	EndGlobalSection
	GlobalSection(SolutionProperties) = preSolution
		HideSolutionNode = FALSE
	EndGlobalSection
	GlobalSection(ExtensibilityGlobals) = postSolution
		SolutionGuid = {E38B1504-071C-4A92-946B-DC96A5C7646D}
	EndGlobalSection
EndGlobal
