
Microsoft Visual Studio Solution File, Format Version 12.00
# Visual Studio 15
VisualStudioVersion = 15.0.28307.489
MinimumVisualStudioVersion = 10.0.40219.1
Project("{FAE04EC0-301F-11D3-BF4B-00C04F79EFBC}") = "Visitor", "Visitor\Visitor.csproj", "{6DD93114-D667-4133-8787-5BD48B5E869A}"
EndProject
Global
	GlobalSection(SolutionConfigurationPlatforms) = preSolution
		Debug|Any CPU = Debug|Any CPU
		Release|Any CPU = Release|Any CPU
	EndGlobalSection
	GlobalSection(ProjectConfigurationPlatforms) = postSolution
		{6DD93114-D667-4133-8787-5BD48B5E869A}.Debug|Any CPU.ActiveCfg = Debug|Any CPU
		{6DD93114-D667-4133-8787-5BD48B5E869A}.Debug|Any CPU.Build.0 = Debug|Any CPU
		{6DD93114-D667-4133-8787-5BD48B5E869A}.Release|Any CPU.ActiveCfg = Release|Any CPU
		{6DD93114-D667-4133-8787-5BD48B5E869A}.Release|Any CPU.Build.0 = Release|Any CPU
	EndGlobalSection
	GlobalSection(SolutionProperties) = preSolution
		HideSolutionNode = FALSE
	EndGlobalSection
	GlobalSection(ExtensibilityGlobals) = postSolution
		SolutionGuid = {3CFDA424-A981-44FC-871F-3ABB11AA9F05}
	EndGlobalSection
EndGlobal
